
Microsoft Visual Studio Solution File, Format Version 12.00
# Visual Studio 14
VisualStudioVersion = 14.0.25420.1
MinimumVisualStudioVersion = 10.0.40219.1
Project("{FAE04EC0-301F-11D3-BF4B-00C04F79EFBC}") = "GitHub.Unity", "src\UnityExtension\Assets\Editor\GitHub.Unity\GitHub.Unity.csproj", "{ADD7A18B-DD2A-4C22-A2C1-488964EFF30A}"
EndProject
Project("{FAE04EC0-301F-11D3-BF4B-00C04F79EFBC}") = "GitHub.Unity.45", "src\UnityExtension\Assets\Editor\GitHub.Unity\GitHub.Unity.45.csproj", "{ADD7A18B-DD2A-4C22-A2C1-488964EFF30B}"
EndProject
Project("{FAE04EC0-301F-11D3-BF4B-00C04F79EFBC}") = "GitHub.Api", "src\GitHub.Api\GitHub.Api.csproj", "{B389ADAF-62CC-486E-85B4-2D8B078DF763}"
EndProject
Project("{FAE04EC0-301F-11D3-BF4B-00C04F79EFBC}") = "GitHub.Api.45", "src\GitHub.Api\GitHub.Api.45.csproj", "{B389ADAF-62CC-486E-85B4-2D8B078DF76B}"
EndProject
Project("{FAE04EC0-301F-11D3-BF4B-00C04F79EFBC}") = "GitHub.Logging", "src\GitHub.Logging\GitHub.Logging.csproj", "{BB6A8EDA-15D8-471B-A6ED-EE551E0B3BA0}"
EndProject
Project("{FAE04EC0-301F-11D3-BF4B-00C04F79EFBC}") = "CopyLibrariesToDevelopmentFolder", "src\packaging\CopyLibrariesToDevelopmentFolder\CopyLibrariesToDevelopmentFolder.csproj", "{44257C81-EE4A-4817-9AF4-A26C02AA6DD4}"
EndProject
Project("{FAE04EC0-301F-11D3-BF4B-00C04F79EFBC}") = "UnitTests", "src\tests\UnitTests\UnitTests.csproj", "{69F13D9D-AD56-4EEC-AE10-D528EE23E1A9}"
EndProject
Project("{FAE04EC0-301F-11D3-BF4B-00C04F79EFBC}") = "IntegrationTests", "src\tests\IntegrationTests\IntegrationTests.csproj", "{1AC3F82E-AEAE-4C84-825C-207BB264FCFA}"
EndProject
Project("{2150E333-8FDC-42A3-9474-1A3956D46DE8}") = "Tests", "Tests", "{D17F1B4C-42DC-4E78-BCEF-9F239A084C4D}"
EndProject
Project("{2150E333-8FDC-42A3-9474-1A3956D46DE8}") = "packaging", "packaging", "{B50B646C-3B86-4BDA-9F2B-766F96608CE0}"
EndProject
Project("{FAE04EC0-301F-11D3-BF4B-00C04F79EFBC}") = "CopyLibrariesToPackageProject", "src\packaging\CopyLibrariesToPackageProject\CopyLibrariesToPackageProject.csproj", "{7DEF4226-7740-457F-9199-34174C49A978}"
EndProject
Project("{FAE04EC0-301F-11D3-BF4B-00C04F79EFBC}") = "TestUtils", "src\tests\TestUtils\TestUtils.csproj", "{66A1D219-F61D-4AE4-9BD7-AAEB97276FFF}"
EndProject
Project("{FAE04EC0-301F-11D3-BF4B-00C04F79EFBC}") = "TaskSystem", "src\tests\TaskSystemIntegrationTests\TaskSystem.csproj", "{1A382F40-FD9E-43E1-89C1-320073F35CE9}"
EndProject
Project("{FAE04EC0-301F-11D3-BF4B-00C04F79EFBC}") = "CommandLine", "src\tests\CommandLine\CommandLine.csproj", "{08B87D2A-8CF1-4211-B7AA-5209F00F72F8}"
EndProject
Project("{FAE04EC0-301F-11D3-BF4B-00C04F79EFBC}") = "TestWebServer", "src\tests\TestWebServer\TestWebServer.csproj", "{3DD3451C-30FA-4294-A3A9-1E080342F867}"
EndProject
Project("{FAE04EC0-301F-11D3-BF4B-00C04F79EFBC}") = "UnityTests", "src\UnityExtension\Assets\Editor\UnityTests\UnityTests.csproj", "{462CDBD4-0DDA-4854-1B13-CFDACBFB66F5}"
EndProject
Global
	GlobalSection(SolutionConfigurationPlatforms) = preSolution
		Debug|Any CPU = Debug|Any CPU
		DebugNoUnity|Any CPU = DebugNoUnity|Any CPU
		dev|Any CPU = dev|Any CPU
		Release|Any CPU = Release|Any CPU
	EndGlobalSection
	GlobalSection(ProjectConfigurationPlatforms) = postSolution
		{ADD7A18B-DD2A-4C22-A2C1-488964EFF30A}.Debug|Any CPU.ActiveCfg = Debug|Any CPU
		{ADD7A18B-DD2A-4C22-A2C1-488964EFF30A}.Debug|Any CPU.Build.0 = Debug|Any CPU
		{ADD7A18B-DD2A-4C22-A2C1-488964EFF30A}.DebugNoUnity|Any CPU.ActiveCfg = Debug|Any CPU
		{ADD7A18B-DD2A-4C22-A2C1-488964EFF30A}.dev|Any CPU.ActiveCfg = dev|Any CPU
		{ADD7A18B-DD2A-4C22-A2C1-488964EFF30A}.dev|Any CPU.Build.0 = dev|Any CPU
		{ADD7A18B-DD2A-4C22-A2C1-488964EFF30A}.Release|Any CPU.ActiveCfg = Release|Any CPU
		{ADD7A18B-DD2A-4C22-A2C1-488964EFF30A}.Release|Any CPU.Build.0 = Release|Any CPU
		{ADD7A18B-DD2A-4C22-A2C1-488964EFF30B}.Debug|Any CPU.ActiveCfg = Debug|Any CPU
		{ADD7A18B-DD2A-4C22-A2C1-488964EFF30B}.Debug|Any CPU.Build.0 = Debug|Any CPU
		{ADD7A18B-DD2A-4C22-A2C1-488964EFF30B}.DebugNoUnity|Any CPU.ActiveCfg = Debug|Any CPU
		{ADD7A18B-DD2A-4C22-A2C1-488964EFF30B}.dev|Any CPU.ActiveCfg = dev|Any CPU
		{ADD7A18B-DD2A-4C22-A2C1-488964EFF30B}.dev|Any CPU.Build.0 = dev|Any CPU
		{ADD7A18B-DD2A-4C22-A2C1-488964EFF30B}.Release|Any CPU.ActiveCfg = Release|Any CPU
		{ADD7A18B-DD2A-4C22-A2C1-488964EFF30B}.Release|Any CPU.Build.0 = Release|Any CPU
		{B389ADAF-62CC-486E-85B4-2D8B078DF763}.Debug|Any CPU.ActiveCfg = Debug|Any CPU
		{B389ADAF-62CC-486E-85B4-2D8B078DF763}.Debug|Any CPU.Build.0 = Debug|Any CPU
		{B389ADAF-62CC-486E-85B4-2D8B078DF763}.DebugNoUnity|Any CPU.ActiveCfg = Debug|Any CPU
		{B389ADAF-62CC-486E-85B4-2D8B078DF763}.DebugNoUnity|Any CPU.Build.0 = Debug|Any CPU
		{B389ADAF-62CC-486E-85B4-2D8B078DF763}.dev|Any CPU.ActiveCfg = dev|Any CPU
		{B389ADAF-62CC-486E-85B4-2D8B078DF763}.dev|Any CPU.Build.0 = dev|Any CPU
		{B389ADAF-62CC-486E-85B4-2D8B078DF763}.Release|Any CPU.ActiveCfg = Release|Any CPU
		{B389ADAF-62CC-486E-85B4-2D8B078DF763}.Release|Any CPU.Build.0 = Release|Any CPU
		{B389ADAF-62CC-486E-85B4-2D8B078DF76B}.Debug|Any CPU.ActiveCfg = Debug|Any CPU
		{B389ADAF-62CC-486E-85B4-2D8B078DF76B}.Debug|Any CPU.Build.0 = Debug|Any CPU
		{B389ADAF-62CC-486E-85B4-2D8B078DF76B}.DebugNoUnity|Any CPU.ActiveCfg = Debug|Any CPU
		{B389ADAF-62CC-486E-85B4-2D8B078DF76B}.DebugNoUnity|Any CPU.Build.0 = Debug|Any CPU
		{B389ADAF-62CC-486E-85B4-2D8B078DF76B}.dev|Any CPU.ActiveCfg = dev|Any CPU
		{B389ADAF-62CC-486E-85B4-2D8B078DF76B}.dev|Any CPU.Build.0 = dev|Any CPU
		{B389ADAF-62CC-486E-85B4-2D8B078DF76B}.Release|Any CPU.ActiveCfg = Release|Any CPU
		{B389ADAF-62CC-486E-85B4-2D8B078DF76B}.Release|Any CPU.Build.0 = Release|Any CPU
		{BB6A8EDA-15D8-471B-A6ED-EE551E0B3BA0}.Debug|Any CPU.ActiveCfg = Debug|Any CPU
		{BB6A8EDA-15D8-471B-A6ED-EE551E0B3BA0}.Debug|Any CPU.Build.0 = Debug|Any CPU
		{BB6A8EDA-15D8-471B-A6ED-EE551E0B3BA0}.DebugNoUnity|Any CPU.ActiveCfg = Debug|Any CPU
		{BB6A8EDA-15D8-471B-A6ED-EE551E0B3BA0}.DebugNoUnity|Any CPU.Build.0 = Debug|Any CPU
		{BB6A8EDA-15D8-471B-A6ED-EE551E0B3BA0}.dev|Any CPU.ActiveCfg = dev|Any CPU
		{BB6A8EDA-15D8-471B-A6ED-EE551E0B3BA0}.dev|Any CPU.Build.0 = dev|Any CPU
		{BB6A8EDA-15D8-471B-A6ED-EE551E0B3BA0}.Release|Any CPU.ActiveCfg = Release|Any CPU
		{BB6A8EDA-15D8-471B-A6ED-EE551E0B3BA0}.Release|Any CPU.Build.0 = Release|Any CPU
		{44257C81-EE4A-4817-9AF4-A26C02AA6DD4}.Debug|Any CPU.ActiveCfg = Debug|Any CPU
		{44257C81-EE4A-4817-9AF4-A26C02AA6DD4}.Debug|Any CPU.Build.0 = Debug|Any CPU
		{44257C81-EE4A-4817-9AF4-A26C02AA6DD4}.DebugNoUnity|Any CPU.ActiveCfg = Debug|Any CPU
		{44257C81-EE4A-4817-9AF4-A26C02AA6DD4}.DebugNoUnity|Any CPU.Build.0 = Debug|Any CPU
		{44257C81-EE4A-4817-9AF4-A26C02AA6DD4}.dev|Any CPU.ActiveCfg = Debug|Any CPU
		{44257C81-EE4A-4817-9AF4-A26C02AA6DD4}.dev|Any CPU.Build.0 = Debug|Any CPU
		{44257C81-EE4A-4817-9AF4-A26C02AA6DD4}.Release|Any CPU.ActiveCfg = Release|Any CPU
		{44257C81-EE4A-4817-9AF4-A26C02AA6DD4}.Release|Any CPU.Build.0 = Release|Any CPU
		{69F13D9D-AD56-4EEC-AE10-D528EE23E1A9}.Debug|Any CPU.ActiveCfg = Debug|Any CPU
		{69F13D9D-AD56-4EEC-AE10-D528EE23E1A9}.Debug|Any CPU.Build.0 = Debug|Any CPU
		{69F13D9D-AD56-4EEC-AE10-D528EE23E1A9}.DebugNoUnity|Any CPU.ActiveCfg = Debug|Any CPU
		{69F13D9D-AD56-4EEC-AE10-D528EE23E1A9}.DebugNoUnity|Any CPU.Build.0 = Debug|Any CPU
		{69F13D9D-AD56-4EEC-AE10-D528EE23E1A9}.dev|Any CPU.ActiveCfg = Debug|Any CPU
		{69F13D9D-AD56-4EEC-AE10-D528EE23E1A9}.dev|Any CPU.Build.0 = Debug|Any CPU
		{69F13D9D-AD56-4EEC-AE10-D528EE23E1A9}.Release|Any CPU.ActiveCfg = Release|Any CPU
		{69F13D9D-AD56-4EEC-AE10-D528EE23E1A9}.Release|Any CPU.Build.0 = Release|Any CPU
		{1AC3F82E-AEAE-4C84-825C-207BB264FCFA}.Debug|Any CPU.ActiveCfg = Debug|Any CPU
		{1AC3F82E-AEAE-4C84-825C-207BB264FCFA}.Debug|Any CPU.Build.0 = Debug|Any CPU
		{1AC3F82E-AEAE-4C84-825C-207BB264FCFA}.DebugNoUnity|Any CPU.ActiveCfg = Debug|Any CPU
		{1AC3F82E-AEAE-4C84-825C-207BB264FCFA}.DebugNoUnity|Any CPU.Build.0 = Debug|Any CPU
		{1AC3F82E-AEAE-4C84-825C-207BB264FCFA}.dev|Any CPU.ActiveCfg = Debug|Any CPU
		{1AC3F82E-AEAE-4C84-825C-207BB264FCFA}.dev|Any CPU.Build.0 = Debug|Any CPU
		{1AC3F82E-AEAE-4C84-825C-207BB264FCFA}.Release|Any CPU.ActiveCfg = Release|Any CPU
		{1AC3F82E-AEAE-4C84-825C-207BB264FCFA}.Release|Any CPU.Build.0 = Release|Any CPU
		{7DEF4226-7740-457F-9199-34174C49A978}.Debug|Any CPU.ActiveCfg = Debug|Any CPU
		{7DEF4226-7740-457F-9199-34174C49A978}.Debug|Any CPU.Build.0 = Debug|Any CPU
		{7DEF4226-7740-457F-9199-34174C49A978}.DebugNoUnity|Any CPU.ActiveCfg = Debug|Any CPU
		{7DEF4226-7740-457F-9199-34174C49A978}.dev|Any CPU.ActiveCfg = Debug|Any CPU
		{7DEF4226-7740-457F-9199-34174C49A978}.dev|Any CPU.Build.0 = Debug|Any CPU
		{7DEF4226-7740-457F-9199-34174C49A978}.Release|Any CPU.ActiveCfg = Release|Any CPU
		{7DEF4226-7740-457F-9199-34174C49A978}.Release|Any CPU.Build.0 = Release|Any CPU
		{66A1D219-F61D-4AE4-9BD7-AAEB97276FFF}.Debug|Any CPU.ActiveCfg = Debug|Any CPU
		{66A1D219-F61D-4AE4-9BD7-AAEB97276FFF}.Debug|Any CPU.Build.0 = Debug|Any CPU
		{66A1D219-F61D-4AE4-9BD7-AAEB97276FFF}.DebugNoUnity|Any CPU.ActiveCfg = Debug|Any CPU
		{66A1D219-F61D-4AE4-9BD7-AAEB97276FFF}.DebugNoUnity|Any CPU.Build.0 = Debug|Any CPU
		{66A1D219-F61D-4AE4-9BD7-AAEB97276FFF}.dev|Any CPU.ActiveCfg = Debug|Any CPU
		{66A1D219-F61D-4AE4-9BD7-AAEB97276FFF}.dev|Any CPU.Build.0 = Debug|Any CPU
		{66A1D219-F61D-4AE4-9BD7-AAEB97276FFF}.Release|Any CPU.ActiveCfg = Release|Any CPU
		{66A1D219-F61D-4AE4-9BD7-AAEB97276FFF}.Release|Any CPU.Build.0 = Release|Any CPU
		{1A382F40-FD9E-43E1-89C1-320073F35CE9}.Debug|Any CPU.ActiveCfg = Debug|Any CPU
		{1A382F40-FD9E-43E1-89C1-320073F35CE9}.Debug|Any CPU.Build.0 = Debug|Any CPU
		{1A382F40-FD9E-43E1-89C1-320073F35CE9}.DebugNoUnity|Any CPU.ActiveCfg = Debug|Any CPU
		{1A382F40-FD9E-43E1-89C1-320073F35CE9}.DebugNoUnity|Any CPU.Build.0 = Debug|Any CPU
		{1A382F40-FD9E-43E1-89C1-320073F35CE9}.dev|Any CPU.ActiveCfg = Debug|Any CPU
		{1A382F40-FD9E-43E1-89C1-320073F35CE9}.dev|Any CPU.Build.0 = Debug|Any CPU
		{1A382F40-FD9E-43E1-89C1-320073F35CE9}.Release|Any CPU.ActiveCfg = Release|Any CPU
		{1A382F40-FD9E-43E1-89C1-320073F35CE9}.Release|Any CPU.Build.0 = Release|Any CPU
		{08B87D2A-8CF1-4211-B7AA-5209F00F72F8}.Debug|Any CPU.ActiveCfg = Debug|Any CPU
		{08B87D2A-8CF1-4211-B7AA-5209F00F72F8}.Debug|Any CPU.Build.0 = Debug|Any CPU
		{08B87D2A-8CF1-4211-B7AA-5209F00F72F8}.DebugNoUnity|Any CPU.ActiveCfg = Debug|Any CPU
		{08B87D2A-8CF1-4211-B7AA-5209F00F72F8}.DebugNoUnity|Any CPU.Build.0 = Debug|Any CPU
		{08B87D2A-8CF1-4211-B7AA-5209F00F72F8}.dev|Any CPU.ActiveCfg = Debug|Any CPU
		{08B87D2A-8CF1-4211-B7AA-5209F00F72F8}.dev|Any CPU.Build.0 = Debug|Any CPU
		{08B87D2A-8CF1-4211-B7AA-5209F00F72F8}.Release|Any CPU.ActiveCfg = Release|Any CPU
		{08B87D2A-8CF1-4211-B7AA-5209F00F72F8}.Release|Any CPU.Build.0 = Release|Any CPU
		{3DD3451C-30FA-4294-A3A9-1E080342F867}.Debug|Any CPU.ActiveCfg = Debug|Any CPU
		{3DD3451C-30FA-4294-A3A9-1E080342F867}.Debug|Any CPU.Build.0 = Debug|Any CPU
		{3DD3451C-30FA-4294-A3A9-1E080342F867}.DebugNoUnity|Any CPU.ActiveCfg = Debug|Any CPU
		{3DD3451C-30FA-4294-A3A9-1E080342F867}.DebugNoUnity|Any CPU.Build.0 = Debug|Any CPU
		{3DD3451C-30FA-4294-A3A9-1E080342F867}.dev|Any CPU.ActiveCfg = Debug|Any CPU
		{3DD3451C-30FA-4294-A3A9-1E080342F867}.dev|Any CPU.Build.0 = Debug|Any CPU
		{3DD3451C-30FA-4294-A3A9-1E080342F867}.Release|Any CPU.ActiveCfg = Release|Any CPU
		{3DD3451C-30FA-4294-A3A9-1E080342F867}.Release|Any CPU.Build.0 = Release|Any CPU
		{462CDBD4-0DDA-4854-1B13-CFDACBFB66F5}.Debug|Any CPU.ActiveCfg = Debug|Any CPU
		{462CDBD4-0DDA-4854-1B13-CFDACBFB66F5}.Debug|Any CPU.Build.0 = Debug|Any CPU
		{462CDBD4-0DDA-4854-1B13-CFDACBFB66F5}.DebugNoUnity|Any CPU.ActiveCfg = Debug|Any CPU
		{462CDBD4-0DDA-4854-1B13-CFDACBFB66F5}.dev|Any CPU.ActiveCfg = Debug|Any CPU
		{462CDBD4-0DDA-4854-1B13-CFDACBFB66F5}.dev|Any CPU.Build.0 = Debug|Any CPU
		{462CDBD4-0DDA-4854-1B13-CFDACBFB66F5}.Release|Any CPU.ActiveCfg = Release|Any CPU
		{462CDBD4-0DDA-4854-1B13-CFDACBFB66F5}.Release|Any CPU.Build.0 = Release|Any CPU
	EndGlobalSection
	GlobalSection(SolutionProperties) = preSolution
		HideSolutionNode = FALSE
	EndGlobalSection
	GlobalSection(NestedProjects) = preSolution
		{44257C81-EE4A-4817-9AF4-A26C02AA6DD4} = {B50B646C-3B86-4BDA-9F2B-766F96608CE0}
		{69F13D9D-AD56-4EEC-AE10-D528EE23E1A9} = {D17F1B4C-42DC-4E78-BCEF-9F239A084C4D}
		{1AC3F82E-AEAE-4C84-825C-207BB264FCFA} = {D17F1B4C-42DC-4E78-BCEF-9F239A084C4D}
		{7DEF4226-7740-457F-9199-34174C49A978} = {B50B646C-3B86-4BDA-9F2B-766F96608CE0}
		{66A1D219-F61D-4AE4-9BD7-AAEB97276FFF} = {D17F1B4C-42DC-4E78-BCEF-9F239A084C4D}
		{1A382F40-FD9E-43E1-89C1-320073F35CE9} = {D17F1B4C-42DC-4E78-BCEF-9F239A084C4D}
		{08B87D2A-8CF1-4211-B7AA-5209F00F72F8} = {D17F1B4C-42DC-4E78-BCEF-9F239A084C4D}
		{3DD3451C-30FA-4294-A3A9-1E080342F867} = {D17F1B4C-42DC-4E78-BCEF-9F239A084C4D}
		{462CDBD4-0DDA-4854-1B13-CFDACBFB66F5} = {D17F1B4C-42DC-4E78-BCEF-9F239A084C4D}
	EndGlobalSection
EndGlobal
