
Microsoft Visual Studio Solution File, Format Version 12.00
# Visual Studio 14
VisualStudioVersion = 14.0.25420.1
MinimumVisualStudioVersion = 10.0.40219.1
Project("{FAE04EC0-301F-11D3-BF4B-00C04F79EFBC}") = "GitHub.Unity", "src\UnityExtension\Assets\Editor\GitHub.Unity\GitHub.Unity.csproj", "{ADD7A18B-DD2A-4C22-A2C1-488964EFF30A}"
EndProject
Project("{2150E333-8FDC-42A3-9474-1A3956D46DE8}") = "octokit", "octokit", "{7DB5B8B0-5126-4025-913C-74B090ED625B}"
EndProject
Project("{FAE04EC0-301F-11D3-BF4B-00C04F79EFBC}") = "Octokit-Extensions35", "submodules\octokit.net\Octokit-Extensions35\Octokit-Extensions35.csproj", "{EB4B074E-62A7-4F1D-8F95-E64B7AEA0236}"
EndProject
Project("{FAE04EC0-301F-11D3-BF4B-00C04F79EFBC}") = "Octokit-35", "submodules\octokit.net\Octokit\Octokit-35.csproj", "{49EF16A2-5ED1-480F-80A1-D1D05D6C1BE4}"
EndProject
Project("{FAE04EC0-301F-11D3-BF4B-00C04F79EFBC}") = "GitHub.Api", "src\GitHub.Api\GitHub.Api.csproj", "{B389ADAF-62CC-486E-85B4-2D8B078DF763}"
EndProject
Project("{FAE04EC0-301F-11D3-BF4B-00C04F79EFBC}") = "GitHub.Logging", "src\GitHub.Logging\GitHub.Logging.csproj", "{BB6A8EDA-15D8-471B-A6ED-EE551E0B3BA0}"
EndProject
Project("{2150E333-8FDC-42A3-9474-1A3956D46DE8}") = "dotnet-httpclient35", "dotnet-httpclient35", "{D0CFD3E7-5B2C-4A54-ABF1-514D06F0747A}"
EndProject
Project("{FAE04EC0-301F-11D3-BF4B-00C04F79EFBC}") = "System.Net.Http-net_3_5", "submodules\dotnet-httpClient35\System.Net.Http\System.Net.Http-net_3_5.csproj", "{9862694D-E4FA-418B-8692-A0280FEDDF36}"
EndProject
Project("{FAE04EC0-301F-11D3-BF4B-00C04F79EFBC}") = "CopyLibrariesToDevelopmentFolder", "src\packaging\CopyLibrariesToDevelopmentFolder\CopyLibrariesToDevelopmentFolder.csproj", "{44257C81-EE4A-4817-9AF4-A26C02AA6DD4}"
EndProject
Project("{FAE04EC0-301F-11D3-BF4B-00C04F79EFBC}") = "UnitTests", "src\UnitTests\UnitTests.csproj", "{69F13D9D-AD56-4EEC-AE10-D528EE23E1A9}"
EndProject
Project("{FAE04EC0-301F-11D3-BF4B-00C04F79EFBC}") = "IntegrationTests", "src\IntegrationTests\IntegrationTests.csproj", "{1AC3F82E-AEAE-4C84-825C-207BB264FCFA}"
EndProject
Project("{2150E333-8FDC-42A3-9474-1A3956D46DE8}") = "Tests", "Tests", "{D17F1B4C-42DC-4E78-BCEF-9F239A084C4D}"
EndProject
Global
	GlobalSection(SolutionConfigurationPlatforms) = preSolution
		Debug|Any CPU = Debug|Any CPU
		Release|Any CPU = Release|Any CPU
	EndGlobalSection
	GlobalSection(ProjectConfigurationPlatforms) = postSolution
		{ADD7A18B-DD2A-4C22-A2C1-488964EFF30A}.Debug|Any CPU.ActiveCfg = Debug|Any CPU
		{ADD7A18B-DD2A-4C22-A2C1-488964EFF30A}.Debug|Any CPU.Build.0 = Debug|Any CPU
		{ADD7A18B-DD2A-4C22-A2C1-488964EFF30A}.Release|Any CPU.ActiveCfg = Release|Any CPU
		{ADD7A18B-DD2A-4C22-A2C1-488964EFF30A}.Release|Any CPU.Build.0 = Release|Any CPU
		{EB4B074E-62A7-4F1D-8F95-E64B7AEA0236}.Debug|Any CPU.ActiveCfg = Debug|Any CPU
		{EB4B074E-62A7-4F1D-8F95-E64B7AEA0236}.Debug|Any CPU.Build.0 = Debug|Any CPU
		{EB4B074E-62A7-4F1D-8F95-E64B7AEA0236}.Release|Any CPU.ActiveCfg = Release|Any CPU
		{EB4B074E-62A7-4F1D-8F95-E64B7AEA0236}.Release|Any CPU.Build.0 = Release|Any CPU
		{49EF16A2-5ED1-480F-80A1-D1D05D6C1BE4}.Debug|Any CPU.ActiveCfg = Debug|Any CPU
		{49EF16A2-5ED1-480F-80A1-D1D05D6C1BE4}.Debug|Any CPU.Build.0 = Debug|Any CPU
		{49EF16A2-5ED1-480F-80A1-D1D05D6C1BE4}.Release|Any CPU.ActiveCfg = Release|Any CPU
		{49EF16A2-5ED1-480F-80A1-D1D05D6C1BE4}.Release|Any CPU.Build.0 = Release|Any CPU
		{B389ADAF-62CC-486E-85B4-2D8B078DF763}.Debug|Any CPU.ActiveCfg = Debug|Any CPU
		{B389ADAF-62CC-486E-85B4-2D8B078DF763}.Debug|Any CPU.Build.0 = Debug|Any CPU
		{B389ADAF-62CC-486E-85B4-2D8B078DF763}.Release|Any CPU.ActiveCfg = Release|Any CPU
		{B389ADAF-62CC-486E-85B4-2D8B078DF763}.Release|Any CPU.Build.0 = Release|Any CPU
		{BB6A8EDA-15D8-471B-A6ED-EE551E0B3BA0}.Debug|Any CPU.ActiveCfg = Debug|Any CPU
		{BB6A8EDA-15D8-471B-A6ED-EE551E0B3BA0}.Debug|Any CPU.Build.0 = Debug|Any CPU
		{BB6A8EDA-15D8-471B-A6ED-EE551E0B3BA0}.Release|Any CPU.ActiveCfg = Release|Any CPU
		{BB6A8EDA-15D8-471B-A6ED-EE551E0B3BA0}.Release|Any CPU.Build.0 = Release|Any CPU
		{9862694D-E4FA-418B-8692-A0280FEDDF36}.Debug|Any CPU.ActiveCfg = Debug|Any CPU
		{9862694D-E4FA-418B-8692-A0280FEDDF36}.Debug|Any CPU.Build.0 = Debug|Any CPU
		{9862694D-E4FA-418B-8692-A0280FEDDF36}.Release|Any CPU.ActiveCfg = Release|Any CPU
		{9862694D-E4FA-418B-8692-A0280FEDDF36}.Release|Any CPU.Build.0 = Release|Any CPU
		{44257C81-EE4A-4817-9AF4-A26C02AA6DD4}.Debug|Any CPU.ActiveCfg = Debug|Any CPU
		{44257C81-EE4A-4817-9AF4-A26C02AA6DD4}.Debug|Any CPU.Build.0 = Debug|Any CPU
		{44257C81-EE4A-4817-9AF4-A26C02AA6DD4}.Release|Any CPU.ActiveCfg = Release|Any CPU
		{44257C81-EE4A-4817-9AF4-A26C02AA6DD4}.Release|Any CPU.Build.0 = Release|Any CPU
		{69F13D9D-AD56-4EEC-AE10-D528EE23E1A9}.Debug|Any CPU.ActiveCfg = Debug|Any CPU
		{69F13D9D-AD56-4EEC-AE10-D528EE23E1A9}.Debug|Any CPU.Build.0 = Debug|Any CPU
		{69F13D9D-AD56-4EEC-AE10-D528EE23E1A9}.Release|Any CPU.ActiveCfg = Release|Any CPU
		{69F13D9D-AD56-4EEC-AE10-D528EE23E1A9}.Release|Any CPU.Build.0 = Release|Any CPU
		{1AC3F82E-AEAE-4C84-825C-207BB264FCFA}.Debug|Any CPU.ActiveCfg = Debug|Any CPU
		{1AC3F82E-AEAE-4C84-825C-207BB264FCFA}.Debug|Any CPU.Build.0 = Debug|Any CPU
		{1AC3F82E-AEAE-4C84-825C-207BB264FCFA}.Release|Any CPU.ActiveCfg = Release|Any CPU
		{1AC3F82E-AEAE-4C84-825C-207BB264FCFA}.Release|Any CPU.Build.0 = Release|Any CPU
	EndGlobalSection
	GlobalSection(SolutionProperties) = preSolution
		HideSolutionNode = FALSE
	EndGlobalSection
	GlobalSection(NestedProjects) = preSolution
		{EB4B074E-62A7-4F1D-8F95-E64B7AEA0236} = {7DB5B8B0-5126-4025-913C-74B090ED625B}
		{49EF16A2-5ED1-480F-80A1-D1D05D6C1BE4} = {7DB5B8B0-5126-4025-913C-74B090ED625B}
		{9862694D-E4FA-418B-8692-A0280FEDDF36} = {D0CFD3E7-5B2C-4A54-ABF1-514D06F0747A}
		{69F13D9D-AD56-4EEC-AE10-D528EE23E1A9} = {D17F1B4C-42DC-4E78-BCEF-9F239A084C4D}
		{1AC3F82E-AEAE-4C84-825C-207BB264FCFA} = {D17F1B4C-42DC-4E78-BCEF-9F239A084C4D}
	EndGlobalSection
EndGlobal
