{
  "name": "octorun",
  "version": "1.0.0",
  "lockfileVersion": 1,
  "requires": true,
  "dependencies": {
    "dotenv": {
      "version": "1.2.0",
      "resolved": "https://registry.npmjs.org/dotenv/-/dotenv-1.2.0.tgz",
      "integrity": "sha1-fNc+FuB/BXyAchR6W8OoZ38KtcY="
    },
    "es6-promise": {
      "version": "4.2.4",
      "resolved": "https://registry.npmjs.org/es6-promise/-/es6-promise-4.2.4.tgz",
      "integrity": "sha512-/NdNZVJg+uZgtm9eS3O6lrOLYmQag2DjdEXuPaHlZ6RuVqgqaVZfgYCepEIKsLqwdQArOPtC3XzRLqGGfT8KQQ=="
    },
    "octokit-rest-nothing-to-see-here-kthxbye": {
      "version": "1.0.0",
      "resolved": "https://registry.npmjs.org/octokit-rest-nothing-to-see-here-kthxbye/-/octokit-rest-nothing-to-see-here-kthxbye-1.0.0.tgz",
      "integrity": "sha1-tdcZKisFpFWv6uu66os/eQpmDK8="
    }
  }
}
