
Microsoft Visual Studio Solution File, Format Version 11.00
# Visual Studio 2010
Project("{FAE04EC0-301F-11D3-BF4B-00C04F79EFBC}") = "UnityExtension", "Assembly-CSharp-Editor.csproj", "{CAD36E3C-142E-3F7A-8194-5A2F7DE9D8FE}"
EndProject
Global
	GlobalSection(SolutionConfigurationPlatforms) = preSolution
		Debug|Any CPU = Debug|Any CPU
		Release|Any CPU = Release|Any CPU
	EndGlobalSection
	GlobalSection(ProjectConfigurationPlatforms) = postSolution
		{CAD36E3C-142E-3F7A-8194-5A2F7DE9D8FE}.Debug|Any CPU.ActiveCfg = Debug|Any CPU
		{CAD36E3C-142E-3F7A-8194-5A2F7DE9D8FE}.Debug|Any CPU.Build.0 = Debug|Any CPU
		{CAD36E3C-142E-3F7A-8194-5A2F7DE9D8FE}.Release|Any CPU.ActiveCfg = Release|Any CPU
		{CAD36E3C-142E-3F7A-8194-5A2F7DE9D8FE}.Release|Any CPU.Build.0 = Release|Any CPU
	EndGlobalSection
	GlobalSection(SolutionProperties) = preSolution
		HideSolutionNode = FALSE
	EndGlobalSection
	GlobalSection(MonoDevelopProperties) = preSolution
		StartupItem = Assembly-CSharp.csproj
	EndGlobalSection
EndGlobal
