
Microsoft Visual Studio Solution File, Format Version 12.00
# Visual Studio 14
VisualStudioVersion = 14.0.25420.1
MinimumVisualStudioVersion = 10.0.40219.1
Project("{FAE04EC0-301F-11D3-BF4B-00C04F79EFBC}") = "GitHub.Unity", "GitHub.Unity.csproj", "{ADD7A18B-DD2A-4C22-A2C1-488964EFF30A}"
EndProject
Project("{FAE04EC0-301F-11D3-BF4B-00C04F79EFBC}") = "IOTests", "..\IOTests\IOTests.csproj", "{69F13D9D-AD56-4EEC-AE10-D528EE23E1A9}"
EndProject
Global
	GlobalSection(SolutionConfigurationPlatforms) = preSolution
		Debug|Any CPU = Debug|Any CPU
		Release|Any CPU = Release|Any CPU
	EndGlobalSection
	GlobalSection(ProjectConfigurationPlatforms) = postSolution
		{ADD7A18B-DD2A-4C22-A2C1-488964EFF30A}.Debug|Any CPU.ActiveCfg = Debug|Any CPU
		{ADD7A18B-DD2A-4C22-A2C1-488964EFF30A}.Debug|Any CPU.Build.0 = Debug|Any CPU
		{ADD7A18B-DD2A-4C22-A2C1-488964EFF30A}.Release|Any CPU.ActiveCfg = Release|Any CPU
		{ADD7A18B-DD2A-4C22-A2C1-488964EFF30A}.Release|Any CPU.Build.0 = Release|Any CPU
		{69F13D9D-AD56-4EEC-AE10-D528EE23E1A9}.Debug|Any CPU.ActiveCfg = Debug|Any CPU
		{69F13D9D-AD56-4EEC-AE10-D528EE23E1A9}.Debug|Any CPU.Build.0 = Debug|Any CPU
		{69F13D9D-AD56-4EEC-AE10-D528EE23E1A9}.Release|Any CPU.ActiveCfg = Release|Any CPU
		{69F13D9D-AD56-4EEC-AE10-D528EE23E1A9}.Release|Any CPU.Build.0 = Release|Any CPU
	EndGlobalSection
	GlobalSection(SolutionProperties) = preSolution
		HideSolutionNode = FALSE
	EndGlobalSection
EndGlobal
